
Microsoft Visual Studio Solution File, Format Version 12.00
# Visual Studio Version 17
VisualStudioVersion = 17.11.35219.272
MinimumVisualStudioVersion = 10.0.40219.1
Project("{9A19103F-16F7-4668-BE54-9A1E7A4F7556}") = "FundamentalsCSharp", "FundamentalsCSharp\FundamentalsCSharp.csproj", "{F5AE9F39-3DAC-42C0-B8C8-EB1D908A099E}"
EndProject
Project("{9A19103F-16F7-4668-BE54-9A1E7A4F7556}") = "AccessSpecifiersEx", "AccessSpecifiersEx\AccessSpecifiersEx.csproj", "{4F9610D1-4102-441A-90A7-4CCE704B240D}"
EndProject
Project("{FAE04EC0-301F-11D3-BF4B-00C04F79EFBC}") = "ConstructorsEx", "ConstructorsEx\ConstructorsEx.csproj", "{71B03B8F-26C1-4FD7-A085-D2928200DB40}"
EndProject
Global
	GlobalSection(SolutionConfigurationPlatforms) = preSolution
		Debug|Any CPU = Debug|Any CPU
		Release|Any CPU = Release|Any CPU
	EndGlobalSection
	GlobalSection(ProjectConfigurationPlatforms) = postSolution
		{F5AE9F39-3DAC-42C0-B8C8-EB1D908A099E}.Debug|Any CPU.ActiveCfg = Debug|Any CPU
		{F5AE9F39-3DAC-42C0-B8C8-EB1D908A099E}.Debug|Any CPU.Build.0 = Debug|Any CPU
		{F5AE9F39-3DAC-42C0-B8C8-EB1D908A099E}.Release|Any CPU.ActiveCfg = Release|Any CPU
		{F5AE9F39-3DAC-42C0-B8C8-EB1D908A099E}.Release|Any CPU.Build.0 = Release|Any CPU
		{4F9610D1-4102-441A-90A7-4CCE704B240D}.Debug|Any CPU.ActiveCfg = Debug|Any CPU
		{4F9610D1-4102-441A-90A7-4CCE704B240D}.Debug|Any CPU.Build.0 = Debug|Any CPU
		{4F9610D1-4102-441A-90A7-4CCE704B240D}.Release|Any CPU.ActiveCfg = Release|Any CPU
		{4F9610D1-4102-441A-90A7-4CCE704B240D}.Release|Any CPU.Build.0 = Release|Any CPU
		{71B03B8F-26C1-4FD7-A085-D2928200DB40}.Debug|Any CPU.ActiveCfg = Debug|Any CPU
		{71B03B8F-26C1-4FD7-A085-D2928200DB40}.Debug|Any CPU.Build.0 = Debug|Any CPU
		{71B03B8F-26C1-4FD7-A085-D2928200DB40}.Release|Any CPU.ActiveCfg = Release|Any CPU
		{71B03B8F-26C1-4FD7-A085-D2928200DB40}.Release|Any CPU.Build.0 = Release|Any CPU
	EndGlobalSection
	GlobalSection(SolutionProperties) = preSolution
		HideSolutionNode = FALSE
	EndGlobalSection
	GlobalSection(ExtensibilityGlobals) = postSolution
		SolutionGuid = {1FB3336F-E6C0-4BD8-B37E-6872CD1F4283}
	EndGlobalSection
EndGlobal
