
Microsoft Visual Studio Solution File, Format Version 12.00
# Visual Studio Version 17
VisualStudioVersion = 17.11.35219.272
MinimumVisualStudioVersion = 10.0.40219.1
Project("{FAE04EC0-301F-11D3-BF4B-00C04F79EFBC}") = "PractisePrograms", "PractisePrograms\PractisePrograms.csproj", "{58C55032-F81C-4FA5-8D1E-CDD89EC3CF0E}"
EndProject
Global
	GlobalSection(SolutionConfigurationPlatforms) = preSolution
		Debug|Any CPU = Debug|Any CPU
		Release|Any CPU = Release|Any CPU
	EndGlobalSection
	GlobalSection(ProjectConfigurationPlatforms) = postSolution
		{58C55032-F81C-4FA5-8D1E-CDD89EC3CF0E}.Debug|Any CPU.ActiveCfg = Debug|Any CPU
		{58C55032-F81C-4FA5-8D1E-CDD89EC3CF0E}.Debug|Any CPU.Build.0 = Debug|Any CPU
		{58C55032-F81C-4FA5-8D1E-CDD89EC3CF0E}.Release|Any CPU.ActiveCfg = Release|Any CPU
		{58C55032-F81C-4FA5-8D1E-CDD89EC3CF0E}.Release|Any CPU.Build.0 = Release|Any CPU
	EndGlobalSection
	GlobalSection(SolutionProperties) = preSolution
		HideSolutionNode = FALSE
	EndGlobalSection
	GlobalSection(ExtensibilityGlobals) = postSolution
		SolutionGuid = {F56C4BDB-854C-4229-BE1A-291FD4242E55}
	EndGlobalSection
EndGlobal
