
Microsoft Visual Studio Solution File, Format Version 12.00
# Visual Studio Version 17
VisualStudioVersion = 17.11.35219.272
MinimumVisualStudioVersion = 10.0.40219.1
Project("{FAE04EC0-301F-11D3-BF4B-00C04F79EFBC}") = "PractisePrograms2", "PractisePrograms2\PractisePrograms2.csproj", "{717D4B87-25E4-4F92-9966-EA587BF1271C}"
EndProject
Global
	GlobalSection(SolutionConfigurationPlatforms) = preSolution
		Debug|Any CPU = Debug|Any CPU
		Release|Any CPU = Release|Any CPU
	EndGlobalSection
	GlobalSection(ProjectConfigurationPlatforms) = postSolution
		{717D4B87-25E4-4F92-9966-EA587BF1271C}.Debug|Any CPU.ActiveCfg = Debug|Any CPU
		{717D4B87-25E4-4F92-9966-EA587BF1271C}.Debug|Any CPU.Build.0 = Debug|Any CPU
		{717D4B87-25E4-4F92-9966-EA587BF1271C}.Release|Any CPU.ActiveCfg = Release|Any CPU
		{717D4B87-25E4-4F92-9966-EA587BF1271C}.Release|Any CPU.Build.0 = Release|Any CPU
	EndGlobalSection
	GlobalSection(SolutionProperties) = preSolution
		HideSolutionNode = FALSE
	EndGlobalSection
	GlobalSection(ExtensibilityGlobals) = postSolution
		SolutionGuid = {753B2F06-D55A-4C50-8B76-28BD336B83E2}
	EndGlobalSection
EndGlobal
